
Microsoft Visual Studio Solution File, Format Version 12.00
# Visual Studio 14
VisualStudioVersion = 14.0.25123.0
MinimumVisualStudioVersion = 10.0.40219.1
Project("{2150E333-8FDC-42A3-9474-1A3956D46DE8}") = "docs", "docs", "{5383056D-DAA9-45DC-B53A-51106ED53392}"
EndProject
Project("{2150E333-8FDC-42A3-9474-1A3956D46DE8}") = "articles", "articles", "{40E4D3B5-3B59-44C1-A098-D45718AC1273}"
	ProjectSection(SolutionItems) = preProject
		docs\articles\A New Family of k-in-a-row Games - I-Chen Wu and Dei-Yen Huang.pdf = docs\articles\A New Family of k-in-a-row Games - I-Chen Wu and Dei-Yen Huang.pdf
	EndProjectSection
EndProject
Project("{2150E333-8FDC-42A3-9474-1A3956D46DE8}") = "formalities", "formalities", "{A9922550-FDFA-4C48-B0B9-565E47D19932}"
	ProjectSection(SolutionItems) = preProject
		docs\formalities\KartaAbsolwenta_15160.pdf = docs\formalities\KartaAbsolwenta_15160.pdf
		docs\formalities\required_documents.txt = docs\formalities\required_documents.txt
		docs\formalities\WniosekDodatkowyDyplom_132334.pdf = docs\formalities\WniosekDodatkowyDyplom_132334.pdf
		docs\formalities\zarządzenie wytyczne pracy.pdf = docs\formalities\zarządzenie wytyczne pracy.pdf
	EndProjectSection
EndProject
Project("{2150E333-8FDC-42A3-9474-1A3956D46DE8}") = "seminar", "seminar", "{5FA5E8E3-D6AC-4BDB-856E-6CAB3B4999AD}"
	ProjectSection(SolutionItems) = preProject
		docs\seminar\Seminar-pl.pdf = docs\seminar\Seminar-pl.pdf
		docs\seminar\Seminar-pl.ppt = docs\seminar\Seminar-pl.ppt
	EndProjectSection
EndProject
Project("{2150E333-8FDC-42A3-9474-1A3956D46DE8}") = "thesis", "thesis", "{09E866AF-45C1-4212-8DD5-5587B1E27CB2}"
	ProjectSection(SolutionItems) = preProject
		docs\thesis\MasterThesis-pl.docx = docs\thesis\MasterThesis-pl.docx
		docs\thesis\Oswiadczenie_132334.doc = docs\thesis\Oswiadczenie_132334.doc
		docs\thesis\requirements.txt = docs\thesis\requirements.txt
		docs\thesis\StronaTytulowa_132334.doc = docs\thesis\StronaTytulowa_132334.doc
	EndProjectSection
EndProject
Project("{FAE04EC0-301F-11D3-BF4B-00C04F79EFBC}") = "(m,n,k,p,q)EnginesGenerator", "(m,n,k,p,q)EnginesGenerator\(m,n,k,p,q)EnginesGenerator.csproj", "{0DFCC553-0684-4C29-843D-9457429BD165}"
EndProject
Project("{8BC9CEB8-8B4A-11D0-8D11-00A0C91BC942}") = "(m,n,k,p,q)GameEngine", "(m,n,k,p,q)EnginesGenerator\(m,n,k,p,q)GameEngine\(m,n,k,p,q)GameEngine.vcxproj", "{9C2C5E21-7F66-4A16-8AC8-F505F299A3FF}"
EndProject
Project("{FAE04EC0-301F-11D3-BF4B-00C04F79EFBC}") = "(m,n,k,p,q)EnginesAnalyzer", "(m,n,k,p,q)EnginesAnalyzer\(m,n,k,p,q)EnginesAnalyzer.csproj", "{D7A642B8-EE69-4C1D-A72B-E359B4CA0568}"
EndProject
Project("{FAE04EC0-301F-11D3-BF4B-00C04F79EFBC}") = "(m,n,k,p,q)EngineWrapper", "(m,n,k,p,q)EngineWrapper\(m,n,k,p,q)EngineWrapper.csproj", "{0DA77162-C401-404E-AF05-8E1E3316AF24}"
EndProject
Global
	GlobalSection(SolutionConfigurationPlatforms) = preSolution
		Debug|Any CPU = Debug|Any CPU
		Debug|x64 = Debug|x64
		Debug|x86 = Debug|x86
		Release|Any CPU = Release|Any CPU
		Release|x64 = Release|x64
		Release|x86 = Release|x86
	EndGlobalSection
	GlobalSection(ProjectConfigurationPlatforms) = postSolution
		{0DFCC553-0684-4C29-843D-9457429BD165}.Debug|Any CPU.ActiveCfg = Debug|Any CPU
		{0DFCC553-0684-4C29-843D-9457429BD165}.Debug|Any CPU.Build.0 = Debug|Any CPU
		{0DFCC553-0684-4C29-843D-9457429BD165}.Debug|x64.ActiveCfg = Debug|Any CPU
		{0DFCC553-0684-4C29-843D-9457429BD165}.Debug|x64.Build.0 = Debug|Any CPU
		{0DFCC553-0684-4C29-843D-9457429BD165}.Debug|x86.ActiveCfg = Debug|Any CPU
		{0DFCC553-0684-4C29-843D-9457429BD165}.Debug|x86.Build.0 = Debug|Any CPU
		{0DFCC553-0684-4C29-843D-9457429BD165}.Release|Any CPU.ActiveCfg = Release|Any CPU
		{0DFCC553-0684-4C29-843D-9457429BD165}.Release|Any CPU.Build.0 = Release|Any CPU
		{0DFCC553-0684-4C29-843D-9457429BD165}.Release|x64.ActiveCfg = Release|Any CPU
		{0DFCC553-0684-4C29-843D-9457429BD165}.Release|x64.Build.0 = Release|Any CPU
		{0DFCC553-0684-4C29-843D-9457429BD165}.Release|x86.ActiveCfg = Release|Any CPU
		{0DFCC553-0684-4C29-843D-9457429BD165}.Release|x86.Build.0 = Release|Any CPU
		{9C2C5E21-7F66-4A16-8AC8-F505F299A3FF}.Debug|Any CPU.ActiveCfg = Debug|x64
		{9C2C5E21-7F66-4A16-8AC8-F505F299A3FF}.Debug|x64.ActiveCfg = Debug|x64
		{9C2C5E21-7F66-4A16-8AC8-F505F299A3FF}.Debug|x64.Build.0 = Debug|x64
		{9C2C5E21-7F66-4A16-8AC8-F505F299A3FF}.Debug|x86.ActiveCfg = Debug|Win32
		{9C2C5E21-7F66-4A16-8AC8-F505F299A3FF}.Debug|x86.Build.0 = Debug|Win32
		{9C2C5E21-7F66-4A16-8AC8-F505F299A3FF}.Release|Any CPU.ActiveCfg = Release|x64
		{9C2C5E21-7F66-4A16-8AC8-F505F299A3FF}.Release|x64.ActiveCfg = Release|x64
		{9C2C5E21-7F66-4A16-8AC8-F505F299A3FF}.Release|x64.Build.0 = Release|x64
		{9C2C5E21-7F66-4A16-8AC8-F505F299A3FF}.Release|x86.ActiveCfg = Release|Win32
		{9C2C5E21-7F66-4A16-8AC8-F505F299A3FF}.Release|x86.Build.0 = Release|Win32
		{D7A642B8-EE69-4C1D-A72B-E359B4CA0568}.Debug|Any CPU.ActiveCfg = Debug|Any CPU
		{D7A642B8-EE69-4C1D-A72B-E359B4CA0568}.Debug|Any CPU.Build.0 = Debug|Any CPU
		{D7A642B8-EE69-4C1D-A72B-E359B4CA0568}.Debug|x64.ActiveCfg = Debug|Any CPU
		{D7A642B8-EE69-4C1D-A72B-E359B4CA0568}.Debug|x64.Build.0 = Debug|Any CPU
		{D7A642B8-EE69-4C1D-A72B-E359B4CA0568}.Debug|x86.ActiveCfg = Debug|Any CPU
		{D7A642B8-EE69-4C1D-A72B-E359B4CA0568}.Debug|x86.Build.0 = Debug|Any CPU
		{D7A642B8-EE69-4C1D-A72B-E359B4CA0568}.Release|Any CPU.ActiveCfg = Release|Any CPU
		{D7A642B8-EE69-4C1D-A72B-E359B4CA0568}.Release|Any CPU.Build.0 = Release|Any CPU
		{D7A642B8-EE69-4C1D-A72B-E359B4CA0568}.Release|x64.ActiveCfg = Release|Any CPU
		{D7A642B8-EE69-4C1D-A72B-E359B4CA0568}.Release|x64.Build.0 = Release|Any CPU
		{D7A642B8-EE69-4C1D-A72B-E359B4CA0568}.Release|x86.ActiveCfg = Release|Any CPU
		{D7A642B8-EE69-4C1D-A72B-E359B4CA0568}.Release|x86.Build.0 = Release|Any CPU
		{0DA77162-C401-404E-AF05-8E1E3316AF24}.Debug|Any CPU.ActiveCfg = Debug|Any CPU
		{0DA77162-C401-404E-AF05-8E1E3316AF24}.Debug|Any CPU.Build.0 = Debug|Any CPU
		{0DA77162-C401-404E-AF05-8E1E3316AF24}.Debug|x64.ActiveCfg = Debug|Any CPU
		{0DA77162-C401-404E-AF05-8E1E3316AF24}.Debug|x64.Build.0 = Debug|Any CPU
		{0DA77162-C401-404E-AF05-8E1E3316AF24}.Debug|x86.ActiveCfg = Debug|Any CPU
		{0DA77162-C401-404E-AF05-8E1E3316AF24}.Debug|x86.Build.0 = Debug|Any CPU
		{0DA77162-C401-404E-AF05-8E1E3316AF24}.Release|Any CPU.ActiveCfg = Release|Any CPU
		{0DA77162-C401-404E-AF05-8E1E3316AF24}.Release|Any CPU.Build.0 = Release|Any CPU
		{0DA77162-C401-404E-AF05-8E1E3316AF24}.Release|x64.ActiveCfg = Release|Any CPU
		{0DA77162-C401-404E-AF05-8E1E3316AF24}.Release|x64.Build.0 = Release|Any CPU
		{0DA77162-C401-404E-AF05-8E1E3316AF24}.Release|x86.ActiveCfg = Release|Any CPU
		{0DA77162-C401-404E-AF05-8E1E3316AF24}.Release|x86.Build.0 = Release|Any CPU
	EndGlobalSection
	GlobalSection(SolutionProperties) = preSolution
		HideSolutionNode = FALSE
	EndGlobalSection
	GlobalSection(NestedProjects) = preSolution
		{40E4D3B5-3B59-44C1-A098-D45718AC1273} = {5383056D-DAA9-45DC-B53A-51106ED53392}
		{A9922550-FDFA-4C48-B0B9-565E47D19932} = {5383056D-DAA9-45DC-B53A-51106ED53392}
		{5FA5E8E3-D6AC-4BDB-856E-6CAB3B4999AD} = {5383056D-DAA9-45DC-B53A-51106ED53392}
		{09E866AF-45C1-4212-8DD5-5587B1E27CB2} = {5383056D-DAA9-45DC-B53A-51106ED53392}
	EndGlobalSection
EndGlobal
