Microsoft Visual Studio Solution File, Format Version 12.00
# Visual Studio 14
Project("{8BC9CEB8-8B4A-11D0-8D11-00A0C91BC942}") = "ALL_BUILD", "ALL_BUILD.vcxproj", "{150A0C3E-7351-329C-A23C-E6B5319ED37D}"
	ProjectSection(ProjectDependencies) = postProject
		{F6DD6767-F0C7-3BA5-8F3F-DE9D3DAF4320} = {F6DD6767-F0C7-3BA5-8F3F-DE9D3DAF4320}
		{BEE84A72-7F8C-3126-BE12-5C2BA76BF96B} = {BEE84A72-7F8C-3126-BE12-5C2BA76BF96B}
		{06E70F63-B7D4-3043-A855-80F3EDCBDEBB} = {06E70F63-B7D4-3043-A855-80F3EDCBDEBB}
		{C95383C1-51ED-39BC-AE43-09F8E31016FE} = {C95383C1-51ED-39BC-AE43-09F8E31016FE}
		{1BCBD960-F76E-3019-B686-0FC93C3E775D} = {1BCBD960-F76E-3019-B686-0FC93C3E775D}
		{3A30C895-D8A1-3F6C-8C50-752BD6E14B02} = {3A30C895-D8A1-3F6C-8C50-752BD6E14B02}
		{BA8CF8BC-0BEC-31F4-A82D-64449E0AC5BE} = {BA8CF8BC-0BEC-31F4-A82D-64449E0AC5BE}
		{C58F8442-0E66-36A6-BB01-B69953B82788} = {C58F8442-0E66-36A6-BB01-B69953B82788}
		{1DED8DF8-C6C9-3DA7-979A-751757BEDBEB} = {1DED8DF8-C6C9-3DA7-979A-751757BEDBEB}
		{0F43A66A-4A12-3B91-AF84-583EC7B2B878} = {0F43A66A-4A12-3B91-AF84-583EC7B2B878}
		{79C99075-FD46-3BA7-BA8D-8340E82B1477} = {79C99075-FD46-3BA7-BA8D-8340E82B1477}
		{40077A85-A387-3CDB-B97F-3082A2E45A14} = {40077A85-A387-3CDB-B97F-3082A2E45A14}
	EndProjectSection
EndProject
Project("{8BC9CEB8-8B4A-11D0-8D11-00A0C91BC942}") = "RUN_TESTS", "RUN_TESTS.vcxproj", "{C55B3D5F-A2C5-3381-B646-9125ED009C6D}"
	ProjectSection(ProjectDependencies) = postProject
		{F6DD6767-F0C7-3BA5-8F3F-DE9D3DAF4320} = {F6DD6767-F0C7-3BA5-8F3F-DE9D3DAF4320}
	EndProjectSection
EndProject
Project("{8BC9CEB8-8B4A-11D0-8D11-00A0C91BC942}") = "ZERO_CHECK", "ZERO_CHECK.vcxproj", "{F6DD6767-F0C7-3BA5-8F3F-DE9D3DAF4320}"
	ProjectSection(ProjectDependencies) = postProject
	EndProjectSection
EndProject
Project("{8BC9CEB8-8B4A-11D0-8D11-00A0C91BC942}") = "gammas_calc", "patterns\minorization_maximization\gammas_calc.vcxproj", "{BEE84A72-7F8C-3126-BE12-5C2BA76BF96B}"
	ProjectSection(ProjectDependencies) = postProject
		{F6DD6767-F0C7-3BA5-8F3F-DE9D3DAF4320} = {F6DD6767-F0C7-3BA5-8F3F-DE9D3DAF4320}
	EndProjectSection
EndProject
Project("{8BC9CEB8-8B4A-11D0-8D11-00A0C91BC942}") = "gather_patterns", "patterns\gathering\gather_patterns.vcxproj", "{06E70F63-B7D4-3043-A855-80F3EDCBDEBB}"
	ProjectSection(ProjectDependencies) = postProject
		{F6DD6767-F0C7-3BA5-8F3F-DE9D3DAF4320} = {F6DD6767-F0C7-3BA5-8F3F-DE9D3DAF4320}
	EndProjectSection
EndProject
Project("{8BC9CEB8-8B4A-11D0-8D11-00A0C91BC942}") = "hash_gen", "patterns\utils\hash_gen.vcxproj", "{C95383C1-51ED-39BC-AE43-09F8E31016FE}"
	ProjectSection(ProjectDependencies) = postProject
		{F6DD6767-F0C7-3BA5-8F3F-DE9D3DAF4320} = {F6DD6767-F0C7-3BA5-8F3F-DE9D3DAF4320}
	EndProjectSection
EndProject
Project("{8BC9CEB8-8B4A-11D0-8D11-00A0C91BC942}") = "hash_test", "tests\hash_test.vcxproj", "{1BCBD960-F76E-3019-B686-0FC93C3E775D}"
	ProjectSection(ProjectDependencies) = postProject
		{F6DD6767-F0C7-3BA5-8F3F-DE9D3DAF4320} = {F6DD6767-F0C7-3BA5-8F3F-DE9D3DAF4320}
	EndProjectSection
EndProject
Project("{8BC9CEB8-8B4A-11D0-8D11-00A0C91BC942}") = "hex", "main\hex.vcxproj", "{3A30C895-D8A1-3F6C-8C50-752BD6E14B02}"
	ProjectSection(ProjectDependencies) = postProject
		{F6DD6767-F0C7-3BA5-8F3F-DE9D3DAF4320} = {F6DD6767-F0C7-3BA5-8F3F-DE9D3DAF4320}
	EndProjectSection
EndProject
Project("{8BC9CEB8-8B4A-11D0-8D11-00A0C91BC942}") = "hex_benchmark", "benchmarks\hex_benchmark.vcxproj", "{BA8CF8BC-0BEC-31F4-A82D-64449E0AC5BE}"
	ProjectSection(ProjectDependencies) = postProject
		{F6DD6767-F0C7-3BA5-8F3F-DE9D3DAF4320} = {F6DD6767-F0C7-3BA5-8F3F-DE9D3DAF4320}
	EndProjectSection
EndProject
Project("{8BC9CEB8-8B4A-11D0-8D11-00A0C91BC942}") = "random_pattern_data", "patterns\utils\random_pattern_data.vcxproj", "{C58F8442-0E66-36A6-BB01-B69953B82788}"
	ProjectSection(ProjectDependencies) = postProject
		{F6DD6767-F0C7-3BA5-8F3F-DE9D3DAF4320} = {F6DD6767-F0C7-3BA5-8F3F-DE9D3DAF4320}
	EndProjectSection
EndProject
Project("{8BC9CEB8-8B4A-11D0-8D11-00A0C91BC942}") = "sampler_benchmark", "benchmarks\sampler_benchmark.vcxproj", "{1DED8DF8-C6C9-3DA7-979A-751757BEDBEB}"
	ProjectSection(ProjectDependencies) = postProject
		{F6DD6767-F0C7-3BA5-8F3F-DE9D3DAF4320} = {F6DD6767-F0C7-3BA5-8F3F-DE9D3DAF4320}
	EndProjectSection
EndProject
Project("{8BC9CEB8-8B4A-11D0-8D11-00A0C91BC942}") = "sampler_test", "tests\sampler_test.vcxproj", "{0F43A66A-4A12-3B91-AF84-583EC7B2B878}"
	ProjectSection(ProjectDependencies) = postProject
		{F6DD6767-F0C7-3BA5-8F3F-DE9D3DAF4320} = {F6DD6767-F0C7-3BA5-8F3F-DE9D3DAF4320}
	EndProjectSection
EndProject
Project("{8BC9CEB8-8B4A-11D0-8D11-00A0C91BC942}") = "simple_pattern_conv", "patterns\utils\simple_pattern_conv.vcxproj", "{79C99075-FD46-3BA7-BA8D-8340E82B1477}"
	ProjectSection(ProjectDependencies) = postProject
		{F6DD6767-F0C7-3BA5-8F3F-DE9D3DAF4320} = {F6DD6767-F0C7-3BA5-8F3F-DE9D3DAF4320}
	EndProjectSection
EndProject
Project("{8BC9CEB8-8B4A-11D0-8D11-00A0C91BC942}") = "simple_pattern_test", "tests\simple_pattern_test.vcxproj", "{40077A85-A387-3CDB-B97F-3082A2E45A14}"
	ProjectSection(ProjectDependencies) = postProject
		{F6DD6767-F0C7-3BA5-8F3F-DE9D3DAF4320} = {F6DD6767-F0C7-3BA5-8F3F-DE9D3DAF4320}
	EndProjectSection
EndProject
Global
	GlobalSection(SolutionConfigurationPlatforms) = preSolution
		Debug|Win32 = Debug|Win32
		Release|Win32 = Release|Win32
		MinSizeRel|Win32 = MinSizeRel|Win32
		RelWithDebInfo|Win32 = RelWithDebInfo|Win32
	EndGlobalSection
	GlobalSection(ProjectConfigurationPlatforms) = postSolution
		{150A0C3E-7351-329C-A23C-E6B5319ED37D}.Debug|Win32.ActiveCfg = Debug|Win32
		{150A0C3E-7351-329C-A23C-E6B5319ED37D}.Release|Win32.ActiveCfg = Release|Win32
		{150A0C3E-7351-329C-A23C-E6B5319ED37D}.MinSizeRel|Win32.ActiveCfg = MinSizeRel|Win32
		{150A0C3E-7351-329C-A23C-E6B5319ED37D}.RelWithDebInfo|Win32.ActiveCfg = RelWithDebInfo|Win32
		{C55B3D5F-A2C5-3381-B646-9125ED009C6D}.Debug|Win32.ActiveCfg = Debug|Win32
		{C55B3D5F-A2C5-3381-B646-9125ED009C6D}.Release|Win32.ActiveCfg = Release|Win32
		{C55B3D5F-A2C5-3381-B646-9125ED009C6D}.MinSizeRel|Win32.ActiveCfg = MinSizeRel|Win32
		{C55B3D5F-A2C5-3381-B646-9125ED009C6D}.RelWithDebInfo|Win32.ActiveCfg = RelWithDebInfo|Win32
		{F6DD6767-F0C7-3BA5-8F3F-DE9D3DAF4320}.Debug|Win32.ActiveCfg = Debug|Win32
		{F6DD6767-F0C7-3BA5-8F3F-DE9D3DAF4320}.Debug|Win32.Build.0 = Debug|Win32
		{F6DD6767-F0C7-3BA5-8F3F-DE9D3DAF4320}.Release|Win32.ActiveCfg = Release|Win32
		{F6DD6767-F0C7-3BA5-8F3F-DE9D3DAF4320}.Release|Win32.Build.0 = Release|Win32
		{F6DD6767-F0C7-3BA5-8F3F-DE9D3DAF4320}.MinSizeRel|Win32.ActiveCfg = MinSizeRel|Win32
		{F6DD6767-F0C7-3BA5-8F3F-DE9D3DAF4320}.MinSizeRel|Win32.Build.0 = MinSizeRel|Win32
		{F6DD6767-F0C7-3BA5-8F3F-DE9D3DAF4320}.RelWithDebInfo|Win32.ActiveCfg = RelWithDebInfo|Win32
		{F6DD6767-F0C7-3BA5-8F3F-DE9D3DAF4320}.RelWithDebInfo|Win32.Build.0 = RelWithDebInfo|Win32
		{BEE84A72-7F8C-3126-BE12-5C2BA76BF96B}.Debug|Win32.ActiveCfg = Debug|Win32
		{BEE84A72-7F8C-3126-BE12-5C2BA76BF96B}.Debug|Win32.Build.0 = Debug|Win32
		{BEE84A72-7F8C-3126-BE12-5C2BA76BF96B}.Release|Win32.ActiveCfg = Release|Win32
		{BEE84A72-7F8C-3126-BE12-5C2BA76BF96B}.Release|Win32.Build.0 = Release|Win32
		{BEE84A72-7F8C-3126-BE12-5C2BA76BF96B}.MinSizeRel|Win32.ActiveCfg = MinSizeRel|Win32
		{BEE84A72-7F8C-3126-BE12-5C2BA76BF96B}.MinSizeRel|Win32.Build.0 = MinSizeRel|Win32
		{BEE84A72-7F8C-3126-BE12-5C2BA76BF96B}.RelWithDebInfo|Win32.ActiveCfg = RelWithDebInfo|Win32
		{BEE84A72-7F8C-3126-BE12-5C2BA76BF96B}.RelWithDebInfo|Win32.Build.0 = RelWithDebInfo|Win32
		{06E70F63-B7D4-3043-A855-80F3EDCBDEBB}.Debug|Win32.ActiveCfg = Debug|Win32
		{06E70F63-B7D4-3043-A855-80F3EDCBDEBB}.Debug|Win32.Build.0 = Debug|Win32
		{06E70F63-B7D4-3043-A855-80F3EDCBDEBB}.Release|Win32.ActiveCfg = Release|Win32
		{06E70F63-B7D4-3043-A855-80F3EDCBDEBB}.Release|Win32.Build.0 = Release|Win32
		{06E70F63-B7D4-3043-A855-80F3EDCBDEBB}.MinSizeRel|Win32.ActiveCfg = MinSizeRel|Win32
		{06E70F63-B7D4-3043-A855-80F3EDCBDEBB}.MinSizeRel|Win32.Build.0 = MinSizeRel|Win32
		{06E70F63-B7D4-3043-A855-80F3EDCBDEBB}.RelWithDebInfo|Win32.ActiveCfg = RelWithDebInfo|Win32
		{06E70F63-B7D4-3043-A855-80F3EDCBDEBB}.RelWithDebInfo|Win32.Build.0 = RelWithDebInfo|Win32
		{C95383C1-51ED-39BC-AE43-09F8E31016FE}.Debug|Win32.ActiveCfg = Debug|Win32
		{C95383C1-51ED-39BC-AE43-09F8E31016FE}.Debug|Win32.Build.0 = Debug|Win32
		{C95383C1-51ED-39BC-AE43-09F8E31016FE}.Release|Win32.ActiveCfg = Release|Win32
		{C95383C1-51ED-39BC-AE43-09F8E31016FE}.Release|Win32.Build.0 = Release|Win32
		{C95383C1-51ED-39BC-AE43-09F8E31016FE}.MinSizeRel|Win32.ActiveCfg = MinSizeRel|Win32
		{C95383C1-51ED-39BC-AE43-09F8E31016FE}.MinSizeRel|Win32.Build.0 = MinSizeRel|Win32
		{C95383C1-51ED-39BC-AE43-09F8E31016FE}.RelWithDebInfo|Win32.ActiveCfg = RelWithDebInfo|Win32
		{C95383C1-51ED-39BC-AE43-09F8E31016FE}.RelWithDebInfo|Win32.Build.0 = RelWithDebInfo|Win32
		{1BCBD960-F76E-3019-B686-0FC93C3E775D}.Debug|Win32.ActiveCfg = Debug|Win32
		{1BCBD960-F76E-3019-B686-0FC93C3E775D}.Debug|Win32.Build.0 = Debug|Win32
		{1BCBD960-F76E-3019-B686-0FC93C3E775D}.Release|Win32.ActiveCfg = Release|Win32
		{1BCBD960-F76E-3019-B686-0FC93C3E775D}.Release|Win32.Build.0 = Release|Win32
		{1BCBD960-F76E-3019-B686-0FC93C3E775D}.MinSizeRel|Win32.ActiveCfg = MinSizeRel|Win32
		{1BCBD960-F76E-3019-B686-0FC93C3E775D}.MinSizeRel|Win32.Build.0 = MinSizeRel|Win32
		{1BCBD960-F76E-3019-B686-0FC93C3E775D}.RelWithDebInfo|Win32.ActiveCfg = RelWithDebInfo|Win32
		{1BCBD960-F76E-3019-B686-0FC93C3E775D}.RelWithDebInfo|Win32.Build.0 = RelWithDebInfo|Win32
		{3A30C895-D8A1-3F6C-8C50-752BD6E14B02}.Debug|Win32.ActiveCfg = Debug|Win32
		{3A30C895-D8A1-3F6C-8C50-752BD6E14B02}.Debug|Win32.Build.0 = Debug|Win32
		{3A30C895-D8A1-3F6C-8C50-752BD6E14B02}.Release|Win32.ActiveCfg = Release|Win32
		{3A30C895-D8A1-3F6C-8C50-752BD6E14B02}.Release|Win32.Build.0 = Release|Win32
		{3A30C895-D8A1-3F6C-8C50-752BD6E14B02}.MinSizeRel|Win32.ActiveCfg = MinSizeRel|Win32
		{3A30C895-D8A1-3F6C-8C50-752BD6E14B02}.MinSizeRel|Win32.Build.0 = MinSizeRel|Win32
		{3A30C895-D8A1-3F6C-8C50-752BD6E14B02}.RelWithDebInfo|Win32.ActiveCfg = RelWithDebInfo|Win32
		{3A30C895-D8A1-3F6C-8C50-752BD6E14B02}.RelWithDebInfo|Win32.Build.0 = RelWithDebInfo|Win32
		{BA8CF8BC-0BEC-31F4-A82D-64449E0AC5BE}.Debug|Win32.ActiveCfg = Debug|Win32
		{BA8CF8BC-0BEC-31F4-A82D-64449E0AC5BE}.Debug|Win32.Build.0 = Debug|Win32
		{BA8CF8BC-0BEC-31F4-A82D-64449E0AC5BE}.Release|Win32.ActiveCfg = Release|Win32
		{BA8CF8BC-0BEC-31F4-A82D-64449E0AC5BE}.Release|Win32.Build.0 = Release|Win32
		{BA8CF8BC-0BEC-31F4-A82D-64449E0AC5BE}.MinSizeRel|Win32.ActiveCfg = MinSizeRel|Win32
		{BA8CF8BC-0BEC-31F4-A82D-64449E0AC5BE}.MinSizeRel|Win32.Build.0 = MinSizeRel|Win32
		{BA8CF8BC-0BEC-31F4-A82D-64449E0AC5BE}.RelWithDebInfo|Win32.ActiveCfg = RelWithDebInfo|Win32
		{BA8CF8BC-0BEC-31F4-A82D-64449E0AC5BE}.RelWithDebInfo|Win32.Build.0 = RelWithDebInfo|Win32
		{C58F8442-0E66-36A6-BB01-B69953B82788}.Debug|Win32.ActiveCfg = Debug|Win32
		{C58F8442-0E66-36A6-BB01-B69953B82788}.Debug|Win32.Build.0 = Debug|Win32
		{C58F8442-0E66-36A6-BB01-B69953B82788}.Release|Win32.ActiveCfg = Release|Win32
		{C58F8442-0E66-36A6-BB01-B69953B82788}.Release|Win32.Build.0 = Release|Win32
		{C58F8442-0E66-36A6-BB01-B69953B82788}.MinSizeRel|Win32.ActiveCfg = MinSizeRel|Win32
		{C58F8442-0E66-36A6-BB01-B69953B82788}.MinSizeRel|Win32.Build.0 = MinSizeRel|Win32
		{C58F8442-0E66-36A6-BB01-B69953B82788}.RelWithDebInfo|Win32.ActiveCfg = RelWithDebInfo|Win32
		{C58F8442-0E66-36A6-BB01-B69953B82788}.RelWithDebInfo|Win32.Build.0 = RelWithDebInfo|Win32
		{1DED8DF8-C6C9-3DA7-979A-751757BEDBEB}.Debug|Win32.ActiveCfg = Debug|Win32
		{1DED8DF8-C6C9-3DA7-979A-751757BEDBEB}.Debug|Win32.Build.0 = Debug|Win32
		{1DED8DF8-C6C9-3DA7-979A-751757BEDBEB}.Release|Win32.ActiveCfg = Release|Win32
		{1DED8DF8-C6C9-3DA7-979A-751757BEDBEB}.Release|Win32.Build.0 = Release|Win32
		{1DED8DF8-C6C9-3DA7-979A-751757BEDBEB}.MinSizeRel|Win32.ActiveCfg = MinSizeRel|Win32
		{1DED8DF8-C6C9-3DA7-979A-751757BEDBEB}.MinSizeRel|Win32.Build.0 = MinSizeRel|Win32
		{1DED8DF8-C6C9-3DA7-979A-751757BEDBEB}.RelWithDebInfo|Win32.ActiveCfg = RelWithDebInfo|Win32
		{1DED8DF8-C6C9-3DA7-979A-751757BEDBEB}.RelWithDebInfo|Win32.Build.0 = RelWithDebInfo|Win32
		{0F43A66A-4A12-3B91-AF84-583EC7B2B878}.Debug|Win32.ActiveCfg = Debug|Win32
		{0F43A66A-4A12-3B91-AF84-583EC7B2B878}.Debug|Win32.Build.0 = Debug|Win32
		{0F43A66A-4A12-3B91-AF84-583EC7B2B878}.Release|Win32.ActiveCfg = Release|Win32
		{0F43A66A-4A12-3B91-AF84-583EC7B2B878}.Release|Win32.Build.0 = Release|Win32
		{0F43A66A-4A12-3B91-AF84-583EC7B2B878}.MinSizeRel|Win32.ActiveCfg = MinSizeRel|Win32
		{0F43A66A-4A12-3B91-AF84-583EC7B2B878}.MinSizeRel|Win32.Build.0 = MinSizeRel|Win32
		{0F43A66A-4A12-3B91-AF84-583EC7B2B878}.RelWithDebInfo|Win32.ActiveCfg = RelWithDebInfo|Win32
		{0F43A66A-4A12-3B91-AF84-583EC7B2B878}.RelWithDebInfo|Win32.Build.0 = RelWithDebInfo|Win32
		{79C99075-FD46-3BA7-BA8D-8340E82B1477}.Debug|Win32.ActiveCfg = Debug|Win32
		{79C99075-FD46-3BA7-BA8D-8340E82B1477}.Debug|Win32.Build.0 = Debug|Win32
		{79C99075-FD46-3BA7-BA8D-8340E82B1477}.Release|Win32.ActiveCfg = Release|Win32
		{79C99075-FD46-3BA7-BA8D-8340E82B1477}.Release|Win32.Build.0 = Release|Win32
		{79C99075-FD46-3BA7-BA8D-8340E82B1477}.MinSizeRel|Win32.ActiveCfg = MinSizeRel|Win32
		{79C99075-FD46-3BA7-BA8D-8340E82B1477}.MinSizeRel|Win32.Build.0 = MinSizeRel|Win32
		{79C99075-FD46-3BA7-BA8D-8340E82B1477}.RelWithDebInfo|Win32.ActiveCfg = RelWithDebInfo|Win32
		{79C99075-FD46-3BA7-BA8D-8340E82B1477}.RelWithDebInfo|Win32.Build.0 = RelWithDebInfo|Win32
		{40077A85-A387-3CDB-B97F-3082A2E45A14}.Debug|Win32.ActiveCfg = Debug|Win32
		{40077A85-A387-3CDB-B97F-3082A2E45A14}.Debug|Win32.Build.0 = Debug|Win32
		{40077A85-A387-3CDB-B97F-3082A2E45A14}.Release|Win32.ActiveCfg = Release|Win32
		{40077A85-A387-3CDB-B97F-3082A2E45A14}.Release|Win32.Build.0 = Release|Win32
		{40077A85-A387-3CDB-B97F-3082A2E45A14}.MinSizeRel|Win32.ActiveCfg = MinSizeRel|Win32
		{40077A85-A387-3CDB-B97F-3082A2E45A14}.MinSizeRel|Win32.Build.0 = MinSizeRel|Win32
		{40077A85-A387-3CDB-B97F-3082A2E45A14}.RelWithDebInfo|Win32.ActiveCfg = RelWithDebInfo|Win32
		{40077A85-A387-3CDB-B97F-3082A2E45A14}.RelWithDebInfo|Win32.Build.0 = RelWithDebInfo|Win32
	EndGlobalSection
	GlobalSection(ExtensibilityGlobals) = postSolution
	EndGlobalSection
	GlobalSection(ExtensibilityAddIns) = postSolution
	EndGlobalSection
EndGlobal
