<?xml version="1.0" encoding="UTF-8"?>
<Project ToolsVersion="14.0" xmlns="http://schemas.microsoft.com/developer/msbuild/2003">
  <ItemGroup>
    <CustomBuild Include="D:\PawelTroka-Projects\LogicalGamesEnginesGenerator\engines\MiMHex-master\CMakeFiles\af9f1b7c556ce6129ce9e8cb1fecef55\RUN_TESTS_force.rule">
      <Filter>CMake Rules</Filter>
    </CustomBuild>
  </ItemGroup>
  <ItemGroup>
    <Filter Include="CMake Rules">
      <UniqueIdentifier>{DB4DA841-17CD-33F0-9CEE-09B0D0713F67}</UniqueIdentifier>
    </Filter>
  </ItemGroup>
</Project>
